
Microsoft Visual Studio Solution File, Format Version 11.00
# Visual Studio 2010
Project("{8BC9CEB8-8B4A-11D0-8D11-00A0C91BC942}") = "山火-ヤギの咆哮-", "山火-ヤギの咆哮-\山火-ヤギの咆哮-.vcxproj", "{9EBA63CB-B262-4CF2-AD20-E296C35AA080}"
EndProject
Global
	GlobalSection(SolutionConfigurationPlatforms) = preSolution
		Debug|Win32 = Debug|Win32
		Release|Win32 = Release|Win32
	EndGlobalSection
	GlobalSection(ProjectConfigurationPlatforms) = postSolution
		{9EBA63CB-B262-4CF2-AD20-E296C35AA080}.Debug|Win32.ActiveCfg = Debug|Win32
		{9EBA63CB-B262-4CF2-AD20-E296C35AA080}.Debug|Win32.Build.0 = Debug|Win32
		{9EBA63CB-B262-4CF2-AD20-E296C35AA080}.Release|Win32.ActiveCfg = Release|Win32
		{9EBA63CB-B262-4CF2-AD20-E296C35AA080}.Release|Win32.Build.0 = Release|Win32
	EndGlobalSection
	GlobalSection(SolutionProperties) = preSolution
		HideSolutionNode = FALSE
	EndGlobalSection
EndGlobal
